Microsoft Visual Studio Solution File, Format Version 12.00
# Visual Studio Version 17
VisualStudioVersion = 17.5.2.0
MinimumVisualStudioVersion = 10.0.40219.1
Project("{2150E333-8FDC-42A3-9474-1A3956D46DE8}") = "src", "src", "{827E0CD3-B72D-47B6-A68D-7590B98EB39B}"
EndProject
Project("{FAE04EC0-301F-11D3-BF4B-00C04F79EFBC}") = "RecepcionMP.API", "src\RecepcionMP.API\RecepcionMP.API.csproj", "{A2C123CA-51A6-3EF9-73FE-4309DDD4446C}"
EndProject
Project("{FAE04EC0-301F-11D3-BF4B-00C04F79EFBC}") = "RecepcionMP.Application", "src\RecepcionMP.Application\RecepcionMP.Application.csproj", "{858227EC-4B35-6CB5-5596-651D5485A2A1}"
EndProject
Project("{FAE04EC0-301F-11D3-BF4B-00C04F79EFBC}") = "RecepcionMP.Domain", "src\RecepcionMP.Domain\RecepcionMP.Domain.csproj", "{D9DB873C-1448-9CC5-D9C1-744B612071B4}"
EndProject
Project("{FAE04EC0-301F-11D3-BF4B-00C04F79EFBC}") = "RecepcionMP.Infrastructure", "src\RecepcionMP.Infrastructure\RecepcionMP.Infrastructure.csproj", "{877231D4-BE5A-2793-362C-0734774EEE27}"
EndProject
Global
	GlobalSection(SolutionConfigurationPlatforms) = preSolution
		Debug|Any CPU = Debug|Any CPU
		Release|Any CPU = Release|Any CPU
	EndGlobalSection
	GlobalSection(ProjectConfigurationPlatforms) = postSolution
		{A2C123CA-51A6-3EF9-73FE-4309DDD4446C}.Debug|Any CPU.ActiveCfg = Debug|Any CPU
		{A2C123CA-51A6-3EF9-73FE-4309DDD4446C}.Debug|Any CPU.Build.0 = Debug|Any CPU
		{A2C123CA-51A6-3EF9-73FE-4309DDD4446C}.Release|Any CPU.ActiveCfg = Release|Any CPU
		{A2C123CA-51A6-3EF9-73FE-4309DDD4446C}.Release|Any CPU.Build.0 = Release|Any CPU
		{858227EC-4B35-6CB5-5596-651D5485A2A1}.Debug|Any CPU.ActiveCfg = Debug|Any CPU
		{858227EC-4B35-6CB5-5596-651D5485A2A1}.Debug|Any CPU.Build.0 = Debug|Any CPU
		{858227EC-4B35-6CB5-5596-651D5485A2A1}.Release|Any CPU.ActiveCfg = Release|Any CPU
		{858227EC-4B35-6CB5-5596-651D5485A2A1}.Release|Any CPU.Build.0 = Release|Any CPU
		{D9DB873C-1448-9CC5-D9C1-744B612071B4}.Debug|Any CPU.ActiveCfg = Debug|Any CPU
		{D9DB873C-1448-9CC5-D9C1-744B612071B4}.Debug|Any CPU.Build.0 = Debug|Any CPU
		{D9DB873C-1448-9CC5-D9C1-744B612071B4}.Release|Any CPU.ActiveCfg = Release|Any CPU
		{D9DB873C-1448-9CC5-D9C1-744B612071B4}.Release|Any CPU.Build.0 = Release|Any CPU
		{877231D4-BE5A-2793-362C-0734774EEE27}.Debug|Any CPU.ActiveCfg = Debug|Any CPU
		{877231D4-BE5A-2793-362C-0734774EEE27}.Debug|Any CPU.Build.0 = Debug|Any CPU
		{877231D4-BE5A-2793-362C-0734774EEE27}.Release|Any CPU.ActiveCfg = Release|Any CPU
		{877231D4-BE5A-2793-362C-0734774EEE27}.Release|Any CPU.Build.0 = Release|Any CPU
	EndGlobalSection
	GlobalSection(SolutionProperties) = preSolution
		HideSolutionNode = FALSE
	EndGlobalSection
	GlobalSection(NestedProjects) = preSolution
		{A2C123CA-51A6-3EF9-73FE-4309DDD4446C} = {827E0CD3-B72D-47B6-A68D-7590B98EB39B}
		{858227EC-4B35-6CB5-5596-651D5485A2A1} = {827E0CD3-B72D-47B6-A68D-7590B98EB39B}
		{D9DB873C-1448-9CC5-D9C1-744B612071B4} = {827E0CD3-B72D-47B6-A68D-7590B98EB39B}
		{877231D4-BE5A-2793-362C-0734774EEE27} = {827E0CD3-B72D-47B6-A68D-7590B98EB39B}
	EndGlobalSection
	GlobalSection(ExtensibilityGlobals) = postSolution
		SolutionGuid = {E198C5BB-3936-4594-8004-7393DF736A68}
	EndGlobalSection
EndGlobal
